
Microsoft Visual Studio Solution File, Format Version 12.00
# Visual Studio Version 16
VisualStudioVersion = 16.0.31205.134
MinimumVisualStudioVersion = 10.0.40219.1
Project("{FAE04EC0-301F-11D3-BF4B-00C04F79EFBC}") = "DoAn_QuanLyNhaThuoc", "DoAn_QuanLyNhaThuoc\DoAn_QuanLyNhaThuoc.csproj", "{9FD3B352-495C-4C72-BADE-323188B191FE}"
EndProject
Project("{FAE04EC0-301F-11D3-BF4B-00C04F79EFBC}") = "BLL_DAL1", "BLL_DAL1\BLL_DAL1.csproj", "{7FBE4D90-100D-4245-85AC-7EB9227C9A6E}"
EndProject
Global
	GlobalSection(SolutionConfigurationPlatforms) = preSolution
		Debug|Any CPU = Debug|Any CPU
		Release|Any CPU = Release|Any CPU
	EndGlobalSection
	GlobalSection(ProjectConfigurationPlatforms) = postSolution
		{9FD3B352-495C-4C72-BADE-323188B191FE}.Debug|Any CPU.ActiveCfg = Debug|Any CPU
		{9FD3B352-495C-4C72-BADE-323188B191FE}.Debug|Any CPU.Build.0 = Debug|Any CPU
		{9FD3B352-495C-4C72-BADE-323188B191FE}.Release|Any CPU.ActiveCfg = Release|Any CPU
		{9FD3B352-495C-4C72-BADE-323188B191FE}.Release|Any CPU.Build.0 = Release|Any CPU
		{7FBE4D90-100D-4245-85AC-7EB9227C9A6E}.Debug|Any CPU.ActiveCfg = Debug|Any CPU
		{7FBE4D90-100D-4245-85AC-7EB9227C9A6E}.Debug|Any CPU.Build.0 = Debug|Any CPU
		{7FBE4D90-100D-4245-85AC-7EB9227C9A6E}.Release|Any CPU.ActiveCfg = Release|Any CPU
		{7FBE4D90-100D-4245-85AC-7EB9227C9A6E}.Release|Any CPU.Build.0 = Release|Any CPU
	EndGlobalSection
	GlobalSection(SolutionProperties) = preSolution
		HideSolutionNode = FALSE
	EndGlobalSection
	GlobalSection(ExtensibilityGlobals) = postSolution
		SolutionGuid = {92F8561E-A9A5-47FD-B94D-8C37340635BA}
	EndGlobalSection
EndGlobal
